
Microsoft Visual Studio Solution File, Format Version 12.00
# Visual Studio Version 17
VisualStudioVersion = 17.2.32630.192
MinimumVisualStudioVersion = 10.0.40219.1
Project("{9A19103F-16F7-4668-BE54-9A1E7A4F7556}") = "EntityFramework Playground", "EntityFramework Playground\EntityFramework Playground.csproj", "{BB82368C-EE76-4D58-91C2-D476424FEB47}"
EndProject
Project("{2150E333-8FDC-42A3-9474-1A3956D46DE8}") = "Elementy rozwiązania", "Elementy rozwiązania", "{3F9FE55E-E6CE-41AB-89BB-B90C209565DB}"
	ProjectSection(SolutionItems) = preProject
		README.md = README.md
	EndProjectSection
EndProject
Project("{FAE04EC0-301F-11D3-BF4B-00C04F79EFBC}") = "Tests", "Tests\Tests.csproj", "{20A6881B-4124-418B-80C1-89B3DDD83094}"
EndProject
Global
	GlobalSection(SolutionConfigurationPlatforms) = preSolution
		Debug|Any CPU = Debug|Any CPU
		Release|Any CPU = Release|Any CPU
	EndGlobalSection
	GlobalSection(ProjectConfigurationPlatforms) = postSolution
		{BB82368C-EE76-4D58-91C2-D476424FEB47}.Debug|Any CPU.ActiveCfg = Debug|Any CPU
		{BB82368C-EE76-4D58-91C2-D476424FEB47}.Debug|Any CPU.Build.0 = Debug|Any CPU
		{BB82368C-EE76-4D58-91C2-D476424FEB47}.Release|Any CPU.ActiveCfg = Release|Any CPU
		{BB82368C-EE76-4D58-91C2-D476424FEB47}.Release|Any CPU.Build.0 = Release|Any CPU
		{20A6881B-4124-418B-80C1-89B3DDD83094}.Debug|Any CPU.ActiveCfg = Debug|Any CPU
		{20A6881B-4124-418B-80C1-89B3DDD83094}.Debug|Any CPU.Build.0 = Debug|Any CPU
		{20A6881B-4124-418B-80C1-89B3DDD83094}.Release|Any CPU.ActiveCfg = Release|Any CPU
		{20A6881B-4124-418B-80C1-89B3DDD83094}.Release|Any CPU.Build.0 = Release|Any CPU
	EndGlobalSection
	GlobalSection(SolutionProperties) = preSolution
		HideSolutionNode = FALSE
	EndGlobalSection
	GlobalSection(ExtensibilityGlobals) = postSolution
		SolutionGuid = {B82E9974-D2D2-4E76-AAB8-B20CD9AC335E}
	EndGlobalSection
EndGlobal
